// !$*UTF8*$!
{
	archiveVersion = 1;
	classes = {
	};
	objectVersion = 50;
	objects = {

/* Begin PBXBuildFile section */
		B3DEBDCA2501F4160063A14D /* AppDelegate.swift in Sources */ = {isa = PBXBuildFile; fileRef = B3DEBDC92501F4160063A14D /* AppDelegate.swift */; };
		B3DEBDCC2501F4160063A14D /* SceneDelegate.swift in Sources */ = {isa = PBXBuildFile; fileRef = B3DEBDCB2501F4160063A14D /* SceneDelegate.swift */; };
		B3DEBDCE2501F4160063A14D /* ViewController.swift in Sources */ = {isa = PBXBuildFile; fileRef = B3DEBDCD2501F4160063A14D /* ViewController.swift */; };
		B3DEBDD12501F4160063A14D /* Main.storyboard in Resources */ = {isa = PBXBuildFile; fileRef = B3DEBDCF2501F4160063A14D /* Main.storyboard */; };
		B3DEBDD32501F4190063A14D /* Assets.xcassets in Resources */ = {isa = PBXBuildFile; fileRef = B3DEBDD22501F4190063A14D /* Assets.xcassets */; };
		B3DEBDD62501F4190063A14D /* LaunchScreen.storyboard in Resources */ = {isa = PBXBuildFile; fileRef = B3DEBDD42501F4190063A14D /* LaunchScreen.storyboard */; };
		B3DEBDE12501F4190063A14D /* ExchangeRatesTests.swift in Sources */ = {isa = PBXBuildFile; fileRef = B3DEBDE02501F4190063A14D /* ExchangeRatesTests.swift */; };
		B3DEBDEC2501F4190063A14D /* ExchangeRatesUITests.swift in Sources */ = {isa = PBXBuildFile; fileRef = B3DEBDEB2501F4190063A14D /* ExchangeRatesUITests.swift */; };
/* End PBXBuildFile section */

/* Begin PBXContainerItemProxy section */
		B3DEBDDD2501F4190063A14D /* PBXContainerItemProxy */ = {
			isa = PBXContainerItemProxy;
			containerPortal = B3DEBDBE2501F4160063A14D /* Project object */;
			proxyType = 1;
			remoteGlobalIDString = B3DEBDC52501F4160063A14D;
			remoteInfo = ExchangeRates;
		};
		B3DEBDE82501F4190063A14D /* PBXContainerItemProxy */ = {
			isa = PBXContainerItemProxy;
			containerPortal = B3DEBDBE2501F4160063A14D /* Project object */;
			proxyType = 1;
			remoteGlobalIDString = B3DEBDC52501F4160063A14D;
			remoteInfo = ExchangeRates;
		};
/* End PBXContainerItemProxy section */

/* Begin PBXFileReference section */
		B3DEBDC62501F4160063A14D /* ExchangeRates.app */ = {isa = PBXFileReference; explicitFileType = wrapper.application; includeInIndex = 0; path = ExchangeRates.app; sourceTree = BUILT_PRODUCTS_DIR; };
		B3DEBDC92501F4160063A14D /* AppDelegate.swift */ = {isa = PBXFileReference; lastKnownFileType = sourcecode.swift; path = AppDelegate.swift; sourceTree = "<group>"; };
		B3DEBDCB2501F4160063A14D /* SceneDelegate.swift */ = {isa = PBXFileReference; lastKnownFileType = sourcecode.swift; path = SceneDelegate.swift; sourceTree = "<group>"; };
		B3DEBDCD2501F4160063A14D /* ViewController.swift */ = {isa = PBXFileReference; lastKnownFileType = sourcecode.swift; path = ViewController.swift; sourceTree = "<group>"; };
		B3DEBDD02501F4160063A14D /* Base */ = {isa = PBXFileReference; lastKnownFileType = file.storyboard; name = Base; path = Base.lproj/Main.storyboard; sourceTree = "<group>"; };
		B3DEBDD22501F4190063A14D /* Assets.xcassets */ = {isa = PBXFileReference; lastKnownFileType = folder.assetcatalog; path = Assets.xcassets; sourceTree = "<group>"; };
		B3DEBDD52501F4190063A14D /* Base */ = {isa = PBXFileReference; lastKnownFileType = file.storyboard; name = Base; path = Base.lproj/LaunchScreen.storyboard; sourceTree = "<group>"; };
		B3DEBDD72501F4190063A14D /* Info.plist */ = {isa = PBXFileReference; lastKnownFileType = text.plist.xml; path = Info.plist; sourceTree = "<group>"; };
		B3DEBDDC2501F4190063A14D /* ExchangeRatesTests.xctest */ = {isa = PBXFileReference; explicitFileType = wrapper.cfbundle; includeInIndex = 0; path = ExchangeRatesTests.xctest; sourceTree = BUILT_PRODUCTS_DIR; };
		B3DEBDE02501F4190063A14D /* ExchangeRatesTests.swift */ = {isa = PBXFileReference; lastKnownFileType = sourcecode.swift; path = ExchangeRatesTests.swift; sourceTree = "<group>"; };
		B3DEBDE22501F4190063A14D /* Info.plist */ = {isa = PBXFileReference; lastKnownFileType = text.plist.xml; path = Info.plist; sourceTree = "<group>"; };
		B3DEBDE72501F4190063A14D /* ExchangeRatesUITests.xctest */ = {isa = PBXFileReference; explicitFileType = wrapper.cfbundle; includeInIndex = 0; path = ExchangeRatesUITests.xctest; sourceTree = BUILT_PRODUCTS_DIR; };
		B3DEBDEB2501F4190063A14D /* ExchangeRatesUITests.swift */ = {isa = PBXFileReference; lastKnownFileType = sourcecode.swift; path = ExchangeRatesUITests.swift; sourceTree = "<group>"; };
		B3DEBDED2501F4190063A14D /* Info.plist */ = {isa = PBXFileReference; lastKnownFileType = text.plist.xml; path = Info.plist; sourceTree = "<group>"; };
/* End PBXFileReference section */

/* Begin PBXFrameworksBuildPhase section */
		B3DEBDC32501F4160063A14D /* Frameworks */ = {
			isa = PBXFrameworksBuildPhase;
			buildActionMask = 2147483647;
			files = (
			);
			runOnlyForDeploymentPostprocessing = 0;
		};
		B3DEBDD92501F4190063A14D /* Frameworks */ = {
			isa = PBXFrameworksBuildPhase;
			buildActionMask = 2147483647;
			files = (
			);
			runOnlyForDeploymentPostprocessing = 0;
		};
		B3DEBDE42501F4190063A14D /* Frameworks */ = {
			isa = PBXFrameworksBuildPhase;
			buildActionMask = 2147483647;
			files = (
			);
			runOnlyForDeploymentPostprocessing = 0;
		};
/* End PBXFrameworksBuildPhase section */

/* Begin PBXGroup section */
		B3DEBDBD2501F4160063A14D = {
			isa = PBXGroup;
			children = (
				B3DEBDC82501F4160063A14D /* ExchangeRates */,
				B3DEBDDF2501F4190063A14D /* ExchangeRatesTests */,
				B3DEBDEA2501F4190063A14D /* ExchangeRatesUITests */,
				B3DEBDC72501F4160063A14D /* Products */,
			);
			sourceTree = "<group>";
		};
		B3DEBDC72501F4160063A14D /* Products */ = {
			isa = PBXGroup;
			children = (
				B3DEBDC62501F4160063A14D /* ExchangeRates.app */,
				B3DEBDDC2501F4190063A14D /* ExchangeRatesTests.xctest */,
				B3DEBDE72501F4190063A14D /* ExchangeRatesUITests.xctest */,
			);
			name = Products;
			sourceTree = "<group>";
		};
		B3DEBDC82501F4160063A14D /* ExchangeRates */ = {
			isa = PBXGroup;
			children = (
				B3DEBDC92501F4160063A14D /* AppDelegate.swift */,
				B3DEBDCB2501F4160063A14D /* SceneDelegate.swift */,
				B3DEBDCD2501F4160063A14D /* ViewController.swift */,
				B3DEBDCF2501F4160063A14D /* Main.storyboard */,
				B3DEBDD22501F4190063A14D /* Assets.xcassets */,
				B3DEBDD42501F4190063A14D /* LaunchScreen.storyboard */,
				B3DEBDD72501F4190063A14D /* Info.plist */,
			);
			path = ExchangeRates;
			sourceTree = "<group>";
		};
		B3DEBDDF2501F4190063A14D /* ExchangeRatesTests */ = {
			isa = PBXGroup;
			children = (
				B3DEBDE02501F4190063A14D /* ExchangeRatesTests.swift */,
				B3DEBDE22501F4190063A14D /* Info.plist */,
			);
			path = ExchangeRatesTests;
			sourceTree = "<group>";
		};
		B3DEBDEA2501F4190063A14D /* ExchangeRatesUITests */ = {
			isa = PBXGroup;
			children = (
				B3DEBDEB2501F4190063A14D /* ExchangeRatesUITests.swift */,
				B3DEBDED2501F4190063A14D /* Info.plist */,
			);
			path = ExchangeRatesUITests;
			sourceTree = "<group>";
		};
/* End PBXGroup section */

/* Begin PBXNativeTarget section */
		B3DEBDC52501F4160063A14D /* ExchangeRates */ = {
			isa = PBXNativeTarget;
			buildConfigurationList = B3DEBDF02501F4190063A14D /* Build configuration list for PBXNativeTarget "ExchangeRates" */;
			buildPhases = (
				B3DEBDC22501F4160063A14D /* Sources */,
				B3DEBDC32501F4160063A14D /* Frameworks */,
				B3DEBDC42501F4160063A14D /* Resources */,
			);
			buildRules = (
			);
			dependencies = (
			);
			name = ExchangeRates;
			productName = ExchangeRates;
			productReference = B3DEBDC62501F4160063A14D /* ExchangeRates.app */;
			productType = "com.apple.product-type.application";
		};
		B3DEBDDB2501F4190063A14D /* ExchangeRatesTests */ = {
			isa = PBXNativeTarget;
			buildConfigurationList = B3DEBDF32501F4190063A14D /* Build configuration list for PBXNativeTarget "ExchangeRatesTests" */;
			buildPhases = (
				B3DEBDD82501F4190063A14D /* Sources */,
				B3DEBDD92501F4190063A14D /* Frameworks */,
				B3DEBDDA2501F4190063A14D /* Resources */,
			);
			buildRules = (
			);
			dependencies = (
				B3DEBDDE2501F4190063A14D /* PBXTargetDependency */,
			);
			name = ExchangeRatesTests;
			productName = ExchangeRatesTests;
			productReference = B3DEBDDC2501F4190063A14D /* ExchangeRatesTests.xctest */;
			productType = "com.apple.product-type.bundle.unit-test";
		};
		B3DEBDE62501F4190063A14D /* ExchangeRatesUITests */ = {
			isa = PBXNativeTarget;
			buildConfigurationList = B3DEBDF62501F4190063A14D /* Build configuration list for PBXNativeTarget "ExchangeRatesUITests" */;
			buildPhases = (
				B3DEBDE32501F4190063A14D /* Sources */,
				B3DEBDE42501F4190063A14D /* Frameworks */,
				B3DEBDE52501F4190063A14D /* Resources */,
			);
			buildRules = (
			);
			dependencies = (
				B3DEBDE92501F4190063A14D /* PBXTargetDependency */,
			);
			name = ExchangeRatesUITests;
			productName = ExchangeRatesUITests;
			productReference = B3DEBDE72501F4190063A14D /* ExchangeRatesUITests.xctest */;
			productType = "com.apple.product-type.bundle.ui-testing";
		};
/* End PBXNativeTarget section */

/* Begin PBXProject section */
		B3DEBDBE2501F4160063A14D /* Project object */ = {
			isa = PBXProject;
			attributes = {
				LastSwiftUpdateCheck = 1170;
				LastUpgradeCheck = 1170;
				ORGANIZATIONNAME = leo.liu.com;
				TargetAttributes = {
					B3DEBDC52501F4160063A14D = {
						CreatedOnToolsVersion = 11.7;
					};
					B3DEBDDB2501F4190063A14D = {
						CreatedOnToolsVersion = 11.7;
						TestTargetID = B3DEBDC52501F4160063A14D;
					};
					B3DEBDE62501F4190063A14D = {
						CreatedOnToolsVersion = 11.7;
						TestTargetID = B3DEBDC52501F4160063A14D;
					};
				};
			};
			buildConfigurationList = B3DEBDC12501F4160063A14D /* Build configuration list for PBXProject "ExchangeRates" */;
			compatibilityVersion = "Xcode 9.3";
			developmentRegion = en;
			hasScannedForEncodings = 0;
			knownRegions = (
				en,
				Base,
			);
			mainGroup = B3DEBDBD2501F4160063A14D;
			productRefGroup = B3DEBDC72501F4160063A14D /* Products */;
			projectDirPath = "";
			projectRoot = "";
			targets = (
				B3DEBDC52501F4160063A14D /* ExchangeRates */,
				B3DEBDDB2501F4190063A14D /* ExchangeRatesTests */,
				B3DEBDE62501F4190063A14D /* ExchangeRatesUITests */,
			);
		};
/* End PBXProject section */

/* Begin PBXResourcesBuildPhase section */
		B3DEBDC42501F4160063A14D /* Resources */ = {
			isa = PBXResourcesBuildPhase;
			buildActionMask = 2147483647;
			files = (
				B3DEBDD62501F4190063A14D /* LaunchScreen.storyboard in Resources */,
				B3DEBDD32501F4190063A14D /* Assets.xcassets in Resources */,
				B3DEBDD12501F4160063A14D /* Main.storyboard in Resources */,
			);
			runOnlyForDeploymentPostprocessing = 0;
		};
		B3DEBDDA2501F4190063A14D /* Resources */ = {
			isa = PBXResourcesBuildPhase;
			buildActionMask = 2147483647;
			files = (
			);
			runOnlyForDeploymentPostprocessing = 0;
		};
		B3DEBDE52501F4190063A14D /* Resources */ = {
			isa = PBXResourcesBuildPhase;
			buildActionMask = 2147483647;
			files = (
			);
			runOnlyForDeploymentPostprocessing = 0;
		};
/* End PBXResourcesBuildPhase section */

/* Begin PBXSourcesBuildPhase section */
		B3DEBDC22501F4160063A14D /* Sources */ = {
			isa = PBXSourcesBuildPhase;
			buildActionMask = 2147483647;
			files = (
				B3DEBDCE2501F4160063A14D /* ViewController.swift in Sources */,
				B3DEBDCA2501F4160063A14D /* AppDelegate.swift in Sources */,
				B3DEBDCC2501F4160063A14D /* SceneDelegate.swift in Sources */,
			);
			runOnlyForDeploymentPostprocessing = 0;
		};
		B3DEBDD82501F4190063A14D /* Sources */ = {
			isa = PBXSourcesBuildPhase;
			buildActionMask = 2147483647;
			files = (
				B3DEBDE12501F4190063A14D /* ExchangeRatesTests.swift in Sources */,
			);
			runOnlyForDeploymentPostprocessing = 0;
		};
		B3DEBDE32501F4190063A14D /* Sources */ = {
			isa = PBXSourcesBuildPhase;
			buildActionMask = 2147483647;
			files = (
				B3DEBDEC2501F4190063A14D /* ExchangeRatesUITests.swift in Sources */,
			);
			runOnlyForDeploymentPostprocessing = 0;
		};
/* End PBXSourcesBuildPhase section */

/* Begin PBXTargetDependency section */
		B3DEBDDE2501F4190063A14D /* PBXTargetDependency */ = {
			isa = PBXTargetDependency;
			target = B3DEBDC52501F4160063A14D /* ExchangeRates */;
			targetProxy = B3DEBDDD2501F4190063A14D /* PBXContainerItemProxy */;
		};
		B3DEBDE92501F4190063A14D /* PBXTargetDependency */ = {
			isa = PBXTargetDependency;
			target = B3DEBDC52501F4160063A14D /* ExchangeRates */;
			targetProxy = B3DEBDE82501F4190063A14D /* PBXContainerItemProxy */;
		};
/* End PBXTargetDependency section */

/* Begin PBXVariantGroup section */
		B3DEBDCF2501F4160063A14D /* Main.storyboard */ = {
			isa = PBXVariantGroup;
			children = (
				B3DEBDD02501F4160063A14D /* Base */,
			);
			name = Main.storyboard;
			sourceTree = "<group>";
		};
		B3DEBDD42501F4190063A14D /* LaunchScreen.storyboard */ = {
			isa = PBXVariantGroup;
			children = (
				B3DEBDD52501F4190063A14D /* Base */,
			);
			name = LaunchScreen.storyboard;
			sourceTree = "<group>";
		};
/* End PBXVariantGroup section */

/* Begin XCBuildConfiguration section */
		B3DEBDEE2501F4190063A14D /* Debug */ = {
			isa = XCBuildConfiguration;
			buildSettings = {
				ALWAYS_SEARCH_USER_PATHS = NO;
				CLANG_ANALYZER_NONNULL = YES;
				CLANG_ANALYZER_NUMBER_OBJECT_CONVERSION = YES_AGGRESSIVE;
				CLANG_CXX_LANGUAGE_STANDARD = "gnu++14";
				CLANG_CXX_LIBRARY = "libc++";
				CLANG_ENABLE_MODULES = YES;
				CLANG_ENABLE_OBJC_ARC = YES;
				CLANG_ENABLE_OBJC_WEAK = YES;
				CLANG_WARN_BLOCK_CAPTURE_AUTORELEASING = YES;
				CLANG_WARN_BOOL_CONVERSION = YES;
				CLANG_WARN_COMMA = YES;
				CLANG_WARN_CONSTANT_CONVERSION = YES;
				CLANG_WARN_DEPRECATED_OBJC_IMPLEMENTATIONS = YES;
				CLANG_WARN_DIRECT_OBJC_ISA_USAGE = YES_ERROR;
				CLANG_WARN_DOCUMENTATION_COMMENTS = YES;
				CLANG_WARN_EMPTY_BODY = YES;
				CLANG_WARN_ENUM_CONVERSION = YES;
				CLANG_WARN_INFINITE_RECURSION = YES;
				CLANG_WARN_INT_CONVERSION = YES;
				CLANG_WARN_NON_LITERAL_NULL_CONVERSION = YES;
				CLANG_WARN_OBJC_IMPLICIT_RETAIN_SELF = YES;
				CLANG_WARN_OBJC_LITERAL_CONVERSION = YES;
				CLANG_WARN_OBJC_ROOT_CLASS = YES_ERROR;
				CLANG_WARN_RANGE_LOOP_ANALYSIS = YES;
				CLANG_WARN_STRICT_PROTOTYPES = YES;
				CLANG_WARN_SUSPICIOUS_MOVE = YES;
				CLANG_WARN_UNGUARDED_AVAILABILITY = YES_AGGRESSIVE;
				CLANG_WARN_UNREACHABLE_CODE = YES;
				CLANG_WARN__DUPLICATE_METHOD_MATCH = YES;
				COPY_PHASE_STRIP = NO;
				DEBUG_INFORMATION_FORMAT = dwarf;
				ENABLE_STRICT_OBJC_MSGSEND = YES;
				ENABLE_TESTABILITY = YES;
				GCC_C_LANGUAGE_STANDARD = gnu11;
				GCC_DYNAMIC_NO_PIC = NO;
				GCC_NO_COMMON_BLOCKS = YES;
				GCC_OPTIMIZATION_LEVEL = 0;
				GCC_PREPROCESSOR_DEFINITIONS = (
					"DEBUG=1",
					"$(inherited)",
				);
				GCC_WARN_64_TO_32_BIT_CONVERSION = YES;
				GCC_WARN_ABOUT_RETURN_TYPE = YES_ERROR;
				GCC_WARN_UNDECLARED_SELECTOR = YES;
				GCC_WARN_UNINITIALIZED_AUTOS = YES_AGGRESSIVE;
				GCC_WARN_UNUSED_FUNCTION = YES;
				GCC_WARN_UNUSED_VARIABLE = YES;
				IPHONEOS_DEPLOYMENT_TARGET = 13.7;
				MTL_ENABLE_DEBUG_INFO = INCLUDE_SOURCE;
				MTL_FAST_MATH = YES;
				ONLY_ACTIVE_ARCH = YES;
				SDKROOT = iphoneos;
				SWIFT_ACTIVE_COMPILATION_CONDITIONS = DEBUG;
				SWIFT_OPTIMIZATION_LEVEL = "-Onone";
			};
			name = Debug;
		};
		B3DEBDEF2501F4190063A14D /* Release */ = {
			isa = XCBuildConfiguration;
			buildSettings = {
				ALWAYS_SEARCH_USER_PATHS = NO;
				CLANG_ANALYZER_NONNULL = YES;
				CLANG_ANALYZER_NUMBER_OBJECT_CONVERSION = YES_AGGRESSIVE;
				CLANG_CXX_LANGUAGE_STANDARD = "gnu++14";
				CLANG_CXX_LIBRARY = "libc++";
				CLANG_ENABLE_MODULES = YES;
				CLANG_ENABLE_OBJC_ARC = YES;
				CLANG_ENABLE_OBJC_WEAK = YES;
				CLANG_WARN_BLOCK_CAPTURE_AUTORELEASING = YES;
				CLANG_WARN_BOOL_CONVERSION = YES;
				CLANG_WARN_COMMA = YES;
				CLANG_WARN_CONSTANT_CONVERSION = YES;
				CLANG_WARN_DEPRECATED_OBJC_IMPLEMENTATIONS = YES;
				CLANG_WARN_DIRECT_OBJC_ISA_USAGE = YES_ERROR;
				CLANG_WARN_DOCUMENTATION_COMMENTS = YES;
				CLANG_WARN_EMPTY_BODY = YES;
				CLANG_WARN_ENUM_CONVERSION = YES;
				CLANG_WARN_INFINITE_RECURSION = YES;
				CLANG_WARN_INT_CONVERSION = YES;
				CLANG_WARN_NON_LITERAL_NULL_CONVERSION = YES;
				CLANG_WARN_OBJC_IMPLICIT_RETAIN_SELF = YES;
				CLANG_WARN_OBJC_LITERAL_CONVERSION = YES;
				CLANG_WARN_OBJC_ROOT_CLASS = YES_ERROR;
				CLANG_WARN_RANGE_LOOP_ANALYSIS = YES;
				CLANG_WARN_STRICT_PROTOTYPES = YES;
				CLANG_WARN_SUSPICIOUS_MOVE = YES;
				CLANG_WARN_UNGUARDED_AVAILABILITY = YES_AGGRESSIVE;
				CLANG_WARN_UNREACHABLE_CODE = YES;
				CLANG_WARN__DUPLICATE_METHOD_MATCH = YES;
				COPY_PHASE_STRIP = NO;
				DEBUG_INFORMATION_FORMAT = "dwarf-with-dsym";
				ENABLE_NS_ASSERTIONS = NO;
				ENABLE_STRICT_OBJC_MSGSEND = YES;
				GCC_C_LANGUAGE_STANDARD = gnu11;
				GCC_NO_COMMON_BLOCKS = YES;
				GCC_WARN_64_TO_32_BIT_CONVERSION = YES;
				GCC_WARN_ABOUT_RETURN_TYPE = YES_ERROR;
				GCC_WARN_UNDECLARED_SELECTOR = YES;
				GCC_WARN_UNINITIALIZED_AUTOS = YES_AGGRESSIVE;
				GCC_WARN_UNUSED_FUNCTION = YES;
				GCC_WARN_UNUSED_VARIABLE = YES;
				IPHONEOS_DEPLOYMENT_TARGET = 13.7;
				MTL_ENABLE_DEBUG_INFO = NO;
				MTL_FAST_MATH = YES;
				SDKROOT = iphoneos;
				SWIFT_COMPILATION_MODE = wholemodule;
				SWIFT_OPTIMIZATION_LEVEL = "-O";
				VALIDATE_PRODUCT = YES;
			};
			name = Release;
		};
		B3DEBDF12501F4190063A14D /* Debug */ = {
			isa = XCBuildConfiguration;
			buildSettings = {
				ASSETCATALOG_COMPILER_APPICON_NAME = AppIcon;
				CODE_SIGN_STYLE = Automatic;
				INFOPLIST_FILE = ExchangeRates/Info.plist;
				LD_RUNPATH_SEARCH_PATHS = (
					"$(inherited)",
					"@executable_path/Frameworks",
				);
				PRODUCT_BUNDLE_IDENTIFIER = leo.liu.com.ExchangeRates;
				PRODUCT_NAME = "$(TARGET_NAME)";
				SWIFT_VERSION = 5.0;
				TARGETED_DEVICE_FAMILY = "1,2";
			};
			name = Debug;
		};
		B3DEBDF22501F4190063A14D /* Release */ = {
			isa = XCBuildConfiguration;
			buildSettings = {
				ASSETCATALOG_COMPILER_APPICON_NAME = AppIcon;
				CODE_SIGN_STYLE = Automatic;
				INFOPLIST_FILE = ExchangeRates/Info.plist;
				LD_RUNPATH_SEARCH_PATHS = (
					"$(inherited)",
					"@executable_path/Frameworks",
				);
				PRODUCT_BUNDLE_IDENTIFIER = leo.liu.com.ExchangeRates;
				PRODUCT_NAME = "$(TARGET_NAME)";
				SWIFT_VERSION = 5.0;
				TARGETED_DEVICE_FAMILY = "1,2";
			};
			name = Release;
		};
		B3DEBDF42501F4190063A14D /* Debug */ = {
			isa = XCBuildConfiguration;
			buildSettings = {
				ALWAYS_EMBED_SWIFT_STANDARD_LIBRARIES = YES;
				BUNDLE_LOADER = "$(TEST_HOST)";
				CODE_SIGN_STYLE = Automatic;
				INFOPLIST_FILE = ExchangeRatesTests/Info.plist;
				IPHONEOS_DEPLOYMENT_TARGET = 13.7;
				LD_RUNPATH_SEARCH_PATHS = (
					"$(inherited)",
					"@executable_path/Frameworks",
					"@loader_path/Frameworks",
				);
				PRODUCT_BUNDLE_IDENTIFIER = leo.liu.com.ExchangeRatesTests;
				PRODUCT_NAME = "$(TARGET_NAME)";
				SWIFT_VERSION = 5.0;
				TARGETED_DEVICE_FAMILY = "1,2";
				TEST_HOST = "$(BUILT_PRODUCTS_DIR)/ExchangeRates.app/ExchangeRates";
			};
			name = Debug;
		};
		B3DEBDF52501F4190063A14D /* Release */ = {
			isa = XCBuildConfiguration;
			buildSettings = {
				ALWAYS_EMBED_SWIFT_STANDARD_LIBRARIES = YES;
				BUNDLE_LOADER = "$(TEST_HOST)";
				CODE_SIGN_STYLE = Automatic;
				INFOPLIST_FILE = ExchangeRatesTests/Info.plist;
				IPHONEOS_DEPLOYMENT_TARGET = 13.7;
				LD_RUNPATH_SEARCH_PATHS = (
					"$(inherited)",
					"@executable_path/Frameworks",
					"@loader_path/Frameworks",
				);
				PRODUCT_BUNDLE_IDENTIFIER = leo.liu.com.ExchangeRatesTests;
				PRODUCT_NAME = "$(TARGET_NAME)";
				SWIFT_VERSION = 5.0;
				TARGETED_DEVICE_FAMILY = "1,2";
				TEST_HOST = "$(BUILT_PRODUCTS_DIR)/ExchangeRates.app/ExchangeRates";
			};
			name = Release;
		};
		B3DEBDF72501F4190063A14D /* Debug */ = {
			isa = XCBuildConfiguration;
			buildSettings = {
				ALWAYS_EMBED_SWIFT_STANDARD_LIBRARIES = YES;
				CODE_SIGN_STYLE = Automatic;
				INFOPLIST_FILE = ExchangeRatesUITests/Info.plist;
				LD_RUNPATH_SEARCH_PATHS = (
					"$(inherited)",
					"@executable_path/Frameworks",
					"@loader_path/Frameworks",
				);
				PRODUCT_BUNDLE_IDENTIFIER = leo.liu.com.ExchangeRatesUITests;
				PRODUCT_NAME = "$(TARGET_NAME)";
				SWIFT_VERSION = 5.0;
				TARGETED_DEVICE_FAMILY = "1,2";
				TEST_TARGET_NAME = ExchangeRates;
			};
			name = Debug;
		};
		B3DEBDF82501F4190063A14D /* Release */ = {
			isa = XCBuildConfiguration;
			buildSettings = {
				ALWAYS_EMBED_SWIFT_STANDARD_LIBRARIES = YES;
				CODE_SIGN_STYLE = Automatic;
				INFOPLIST_FILE = ExchangeRatesUITests/Info.plist;
				LD_RUNPATH_SEARCH_PATHS = (
					"$(inherited)",
					"@executable_path/Frameworks",
					"@loader_path/Frameworks",
				);
				PRODUCT_BUNDLE_IDENTIFIER = leo.liu.com.ExchangeRatesUITests;
				PRODUCT_NAME = "$(TARGET_NAME)";
				SWIFT_VERSION = 5.0;
				TARGETED_DEVICE_FAMILY = "1,2";
				TEST_TARGET_NAME = ExchangeRates;
			};
			name = Release;
		};
/* End XCBuildConfiguration section */

/* Begin XCConfigurationList section */
		B3DEBDC12501F4160063A14D /* Build configuration list for PBXProject "ExchangeRates" */ = {
			isa = XCConfigurationList;
			buildConfigurations = (
				B3DEBDEE2501F4190063A14D /* Debug */,
				B3DEBDEF2501F4190063A14D /* Release */,
			);
			defaultConfigurationIsVisible = 0;
			defaultConfigurationName = Release;
		};
		B3DEBDF02501F4190063A14D /* Build configuration list for PBXNativeTarget "ExchangeRates" */ = {
			isa = XCConfigurationList;
			buildConfigurations = (
				B3DEBDF12501F4190063A14D /* Debug */,
				B3DEBDF22501F4190063A14D /* Release */,
			);
			defaultConfigurationIsVisible = 0;
			defaultConfigurationName = Release;
		};
		B3DEBDF32501F4190063A14D /* Build configuration list for PBXNativeTarget "ExchangeRatesTests" */ = {
			isa = XCConfigurationList;
			buildConfigurations = (
				B3DEBDF42501F4190063A14D /* Debug */,
				B3DEBDF52501F4190063A14D /* Release */,
			);
			defaultConfigurationIsVisible = 0;
			defaultConfigurationName = Release;
		};
		B3DEBDF62501F4190063A14D /* Build configuration list for PBXNativeTarget "ExchangeRatesUITests" */ = {
			isa = XCConfigurationList;
			buildConfigurations = (
				B3DEBDF72501F4190063A14D /* Debug */,
				B3DEBDF82501F4190063A14D /* Release */,
			);
			defaultConfigurationIsVisible = 0;
			defaultConfigurationName = Release;
		};
/* End XCConfigurationList section */
	};
	rootObject = B3DEBDBE2501F4160063A14D /* Project object */;
}
